// !$*UTF8*$!
{
	archiveVersion = 1;
	classes = {
	};
	objectVersion = 50;
	objects = {

/* Begin PBXBuildFile section */
		37273B7723860BDF00006D6A /* AppDelegate.swift in Sources */ = {isa = PBXBuildFile; fileRef = 37273B7623860BDF00006D6A /* AppDelegate.swift */; };
		37273B7923860BDF00006D6A /* SceneDelegate.swift in Sources */ = {isa = PBXBuildFile; fileRef = 37273B7823860BDF00006D6A /* SceneDelegate.swift */; };
		37273B7E23860BDF00006D6A /* Main.storyboard in Resources */ = {isa = PBXBuildFile; fileRef = 37273B7C23860BDF00006D6A /* Main.storyboard */; };
		37273B8023860BE100006D6A /* Assets.xcassets in Resources */ = {isa = PBXBuildFile; fileRef = 37273B7F23860BE100006D6A /* Assets.xcassets */; };
		37273B8323860BE100006D6A /* LaunchScreen.storyboard in Resources */ = {isa = PBXBuildFile; fileRef = 37273B8123860BE100006D6A /* LaunchScreen.storyboard */; };
		37273B8E23860BE100006D6A /* StarWarsCharactersTests.swift in Sources */ = {isa = PBXBuildFile; fileRef = 37273B8D23860BE100006D6A /* StarWarsCharactersTests.swift */; };
		37273BA32386129500006D6A /* EndPointType.swift in Sources */ = {isa = PBXBuildFile; fileRef = 37273BA22386129500006D6A /* EndPointType.swift */; };
		37273BA52386130400006D6A /* HTTPMethod.swift in Sources */ = {isa = PBXBuildFile; fileRef = 37273BA42386130400006D6A /* HTTPMethod.swift */; };
		37273BA72386134400006D6A /* HTTPTask.swift in Sources */ = {isa = PBXBuildFile; fileRef = 37273BA62386134400006D6A /* HTTPTask.swift */; };
		37273BA9238614B800006D6A /* ParameterEncoding.swift in Sources */ = {isa = PBXBuildFile; fileRef = 37273BA8238614B800006D6A /* ParameterEncoding.swift */; };
		37273BAB2386163C00006D6A /* URLParameterEncoder.swift in Sources */ = {isa = PBXBuildFile; fileRef = 37273BAA2386163C00006D6A /* URLParameterEncoder.swift */; };
		37273BAD238616CE00006D6A /* JSONParameterEncoder.swift in Sources */ = {isa = PBXBuildFile; fileRef = 37273BAC238616CE00006D6A /* JSONParameterEncoder.swift */; };
		37273BAF2386172600006D6A /* NetworkRouter.swift in Sources */ = {isa = PBXBuildFile; fileRef = 37273BAE2386172600006D6A /* NetworkRouter.swift */; };
		37273BB12386179C00006D6A /* Router.swift in Sources */ = {isa = PBXBuildFile; fileRef = 37273BB02386179C00006D6A /* Router.swift */; };
		37273BB32386281600006D6A /* StarWarsAPI.swift in Sources */ = {isa = PBXBuildFile; fileRef = 37273BB22386281600006D6A /* StarWarsAPI.swift */; };
		37273BB523862D3600006D6A /* Person.swift in Sources */ = {isa = PBXBuildFile; fileRef = 37273BB423862D3600006D6A /* Person.swift */; };
		37273BB723862D9600006D6A /* Gender.swift in Sources */ = {isa = PBXBuildFile; fileRef = 37273BB623862D9600006D6A /* Gender.swift */; };
		37273BB923862EE900006D6A /* StarWarsApiResponse.swift in Sources */ = {isa = PBXBuildFile; fileRef = 37273BB823862EE900006D6A /* StarWarsApiResponse.swift */; };
		37273BBD23863A1B00006D6A /* NetworkManager.swift in Sources */ = {isa = PBXBuildFile; fileRef = 37273BBC23863A1B00006D6A /* NetworkManager.swift */; };
		3781C2E523899B71004FC855 /* MainViewController.swift in Sources */ = {isa = PBXBuildFile; fileRef = 3781C2E423899B71004FC855 /* MainViewController.swift */; };
		3781C2E92389BA1E004FC855 /* AlertDisplayer.swift in Sources */ = {isa = PBXBuildFile; fileRef = 3781C2E82389BA1E004FC855 /* AlertDisplayer.swift */; };
		3781C2EF2389EEC9004FC855 /* PeopleTableViewCell.swift in Sources */ = {isa = PBXBuildFile; fileRef = 3781C2EE2389EEC9004FC855 /* PeopleTableViewCell.swift */; };
		3781C2F12389EEFD004FC855 /* PersonDetailViewModel.swift in Sources */ = {isa = PBXBuildFile; fileRef = 3781C2F02389EEFD004FC855 /* PersonDetailViewModel.swift */; };
		3781C2F32389FDC7004FC855 /* PersonDetailTableViewController.swift in Sources */ = {isa = PBXBuildFile; fileRef = 3781C2F22389FDC7004FC855 /* PersonDetailTableViewController.swift */; };
		378F7DC223898E1D00D37ACC /* PersonViewModel.swift in Sources */ = {isa = PBXBuildFile; fileRef = 378F7DC123898E1D00D37ACC /* PersonViewModel.swift */; };
/* End PBXBuildFile section */

/* Begin PBXContainerItemProxy section */
		37273B8A23860BE100006D6A /* PBXContainerItemProxy */ = {
			isa = PBXContainerItemProxy;
			containerPortal = 37273B6B23860BDF00006D6A /* Project object */;
			proxyType = 1;
			remoteGlobalIDString = 37273B7223860BDF00006D6A;
			remoteInfo = StarWarsCharacters;
		};
/* End PBXContainerItemProxy section */

/* Begin PBXFileReference section */
		37273B7323860BDF00006D6A /* StarWarsCharacters.app */ = {isa = PBXFileReference; explicitFileType = wrapper.application; includeInIndex = 0; path = StarWarsCharacters.app; sourceTree = BUILT_PRODUCTS_DIR; };
		37273B7623860BDF00006D6A /* AppDelegate.swift */ = {isa = PBXFileReference; lastKnownFileType = sourcecode.swift; path = AppDelegate.swift; sourceTree = "<group>"; };
		37273B7823860BDF00006D6A /* SceneDelegate.swift */ = {isa = PBXFileReference; lastKnownFileType = sourcecode.swift; path = SceneDelegate.swift; sourceTree = "<group>"; };
		37273B7D23860BDF00006D6A /* Base */ = {isa = PBXFileReference; lastKnownFileType = file.storyboard; name = Base; path = Base.lproj/Main.storyboard; sourceTree = "<group>"; };
		37273B7F23860BE100006D6A /* Assets.xcassets */ = {isa = PBXFileReference; lastKnownFileType = folder.assetcatalog; path = Assets.xcassets; sourceTree = "<group>"; };
		37273B8223860BE100006D6A /* Base */ = {isa = PBXFileReference; lastKnownFileType = file.storyboard; name = Base; path = Base.lproj/LaunchScreen.storyboard; sourceTree = "<group>"; };
		37273B8423860BE100006D6A /* Info.plist */ = {isa = PBXFileReference; lastKnownFileType = text.plist.xml; path = Info.plist; sourceTree = "<group>"; };
		37273B8923860BE100006D6A /* StarWarsCharactersTests.xctest */ = {isa = PBXFileReference; explicitFileType = wrapper.cfbundle; includeInIndex = 0; path = StarWarsCharactersTests.xctest; sourceTree = BUILT_PRODUCTS_DIR; };
		37273B8D23860BE100006D6A /* StarWarsCharactersTests.swift */ = {isa = PBXFileReference; lastKnownFileType = sourcecode.swift; path = StarWarsCharactersTests.swift; sourceTree = "<group>"; };
		37273B8F23860BE100006D6A /* Info.plist */ = {isa = PBXFileReference; lastKnownFileType = text.plist.xml; path = Info.plist; sourceTree = "<group>"; };
		37273BA22386129500006D6A /* EndPointType.swift */ = {isa = PBXFileReference; lastKnownFileType = sourcecode.swift; path = EndPointType.swift; sourceTree = "<group>"; };
		37273BA42386130400006D6A /* HTTPMethod.swift */ = {isa = PBXFileReference; lastKnownFileType = sourcecode.swift; path = HTTPMethod.swift; sourceTree = "<group>"; };
		37273BA62386134400006D6A /* HTTPTask.swift */ = {isa = PBXFileReference; lastKnownFileType = sourcecode.swift; path = HTTPTask.swift; sourceTree = "<group>"; };
		37273BA8238614B800006D6A /* ParameterEncoding.swift */ = {isa = PBXFileReference; lastKnownFileType = sourcecode.swift; path = ParameterEncoding.swift; sourceTree = "<group>"; };
		37273BAA2386163C00006D6A /* URLParameterEncoder.swift */ = {isa = PBXFileReference; lastKnownFileType = sourcecode.swift; path = URLParameterEncoder.swift; sourceTree = "<group>"; };
		37273BAC238616CE00006D6A /* JSONParameterEncoder.swift */ = {isa = PBXFileReference; lastKnownFileType = sourcecode.swift; path = JSONParameterEncoder.swift; sourceTree = "<group>"; };
		37273BAE2386172600006D6A /* NetworkRouter.swift */ = {isa = PBXFileReference; lastKnownFileType = sourcecode.swift; path = NetworkRouter.swift; sourceTree = "<group>"; };
		37273BB02386179C00006D6A /* Router.swift */ = {isa = PBXFileReference; lastKnownFileType = sourcecode.swift; path = Router.swift; sourceTree = "<group>"; };
		37273BB22386281600006D6A /* StarWarsAPI.swift */ = {isa = PBXFileReference; lastKnownFileType = sourcecode.swift; path = StarWarsAPI.swift; sourceTree = "<group>"; };
		37273BB423862D3600006D6A /* Person.swift */ = {isa = PBXFileReference; lastKnownFileType = sourcecode.swift; path = Person.swift; sourceTree = "<group>"; };
		37273BB623862D9600006D6A /* Gender.swift */ = {isa = PBXFileReference; lastKnownFileType = sourcecode.swift; path = Gender.swift; sourceTree = "<group>"; };
		37273BB823862EE900006D6A /* StarWarsApiResponse.swift */ = {isa = PBXFileReference; lastKnownFileType = sourcecode.swift; path = StarWarsApiResponse.swift; sourceTree = "<group>"; };
		37273BBC23863A1B00006D6A /* NetworkManager.swift */ = {isa = PBXFileReference; lastKnownFileType = sourcecode.swift; path = NetworkManager.swift; sourceTree = "<group>"; };
		3781C2E423899B71004FC855 /* MainViewController.swift */ = {isa = PBXFileReference; lastKnownFileType = sourcecode.swift; path = MainViewController.swift; sourceTree = "<group>"; };
		3781C2E82389BA1E004FC855 /* AlertDisplayer.swift */ = {isa = PBXFileReference; lastKnownFileType = sourcecode.swift; path = AlertDisplayer.swift; sourceTree = "<group>"; };
		3781C2EE2389EEC9004FC855 /* PeopleTableViewCell.swift */ = {isa = PBXFileReference; fileEncoding = 4; lastKnownFileType = sourcecode.swift; path = PeopleTableViewCell.swift; sourceTree = "<group>"; };
		3781C2F02389EEFD004FC855 /* PersonDetailViewModel.swift */ = {isa = PBXFileReference; lastKnownFileType = sourcecode.swift; path = PersonDetailViewModel.swift; sourceTree = "<group>"; };
		3781C2F22389FDC7004FC855 /* PersonDetailTableViewController.swift */ = {isa = PBXFileReference; lastKnownFileType = sourcecode.swift; path = PersonDetailTableViewController.swift; sourceTree = "<group>"; };
		378F7DC123898E1D00D37ACC /* PersonViewModel.swift */ = {isa = PBXFileReference; lastKnownFileType = sourcecode.swift; path = PersonViewModel.swift; sourceTree = "<group>"; };
/* End PBXFileReference section */

/* Begin PBXFrameworksBuildPhase section */
		37273B7023860BDF00006D6A /* Frameworks */ = {
			isa = PBXFrameworksBuildPhase;
			buildActionMask = 2147483647;
			files = (
			);
			runOnlyForDeploymentPostprocessing = 0;
		};
		37273B8623860BE100006D6A /* Frameworks */ = {
			isa = PBXFrameworksBuildPhase;
			buildActionMask = 2147483647;
			files = (
			);
			runOnlyForDeploymentPostprocessing = 0;
		};
/* End PBXFrameworksBuildPhase section */

/* Begin PBXGroup section */
		37273B6A23860BDF00006D6A = {
			isa = PBXGroup;
			children = (
				37273B7523860BDF00006D6A /* StarWarsCharacters */,
				37273B8C23860BE100006D6A /* StarWarsCharactersTests */,
				37273B7423860BDF00006D6A /* Products */,
			);
			sourceTree = "<group>";
		};
		37273B7423860BDF00006D6A /* Products */ = {
			isa = PBXGroup;
			children = (
				37273B7323860BDF00006D6A /* StarWarsCharacters.app */,
				37273B8923860BE100006D6A /* StarWarsCharactersTests.xctest */,
			);
			name = Products;
			sourceTree = "<group>";
		};
		37273B7523860BDF00006D6A /* StarWarsCharacters */ = {
			isa = PBXGroup;
			children = (
				37273B982386100800006D6A /* Networking */,
				37273BA12386113300006D6A /* Helpers */,
				37273BA02386111D00006D6A /* Resources */,
				37273B9F2386111200006D6A /* Models */,
				37273B9E238610FF00006D6A /* ViewModels */,
				3781C2E323899B45004FC855 /* ViewControllers */,
				37273B9D238610F600006D6A /* Views */,
				37273B7623860BDF00006D6A /* AppDelegate.swift */,
				37273B7823860BDF00006D6A /* SceneDelegate.swift */,
				37273B7F23860BE100006D6A /* Assets.xcassets */,
				37273B8123860BE100006D6A /* LaunchScreen.storyboard */,
				37273B8423860BE100006D6A /* Info.plist */,
			);
			path = StarWarsCharacters;
			sourceTree = "<group>";
		};
		37273B8C23860BE100006D6A /* StarWarsCharactersTests */ = {
			isa = PBXGroup;
			children = (
				37273B8D23860BE100006D6A /* StarWarsCharactersTests.swift */,
				37273B8F23860BE100006D6A /* Info.plist */,
			);
			path = StarWarsCharactersTests;
			sourceTree = "<group>";
		};
		37273B982386100800006D6A /* Networking */ = {
			isa = PBXGroup;
			children = (
				37273B992386108200006D6A /* Encoding */,
				37273B9A2386109200006D6A /* EndPoint */,
				37273B9B238610A300006D6A /* Manager */,
				37273B9C238610AD00006D6A /* Service */,
			);
			path = Networking;
			sourceTree = "<group>";
		};
		37273B992386108200006D6A /* Encoding */ = {
			isa = PBXGroup;
			children = (
				37273BA8238614B800006D6A /* ParameterEncoding.swift */,
				37273BAA2386163C00006D6A /* URLParameterEncoder.swift */,
				37273BAC238616CE00006D6A /* JSONParameterEncoder.swift */,
			);
			path = Encoding;
			sourceTree = "<group>";
		};
		37273B9A2386109200006D6A /* EndPoint */ = {
			isa = PBXGroup;
			children = (
				37273BB22386281600006D6A /* StarWarsAPI.swift */,
			);
			path = EndPoint;
			sourceTree = "<group>";
		};
		37273B9B238610A300006D6A /* Manager */ = {
			isa = PBXGroup;
			children = (
				37273BBC23863A1B00006D6A /* NetworkManager.swift */,
			);
			path = Manager;
			sourceTree = "<group>";
		};
		37273B9C238610AD00006D6A /* Service */ = {
			isa = PBXGroup;
			children = (
				37273BA22386129500006D6A /* EndPointType.swift */,
				37273BA42386130400006D6A /* HTTPMethod.swift */,
				37273BA62386134400006D6A /* HTTPTask.swift */,
				37273BAE2386172600006D6A /* NetworkRouter.swift */,
				37273BB02386179C00006D6A /* Router.swift */,
			);
			path = Service;
			sourceTree = "<group>";
		};
		37273B9D238610F600006D6A /* Views */ = {
			isa = PBXGroup;
			children = (
				37273B7C23860BDF00006D6A /* Main.storyboard */,
				3781C2EE2389EEC9004FC855 /* PeopleTableViewCell.swift */,
			);
			path = Views;
			sourceTree = "<group>";
		};
		37273B9E238610FF00006D6A /* ViewModels */ = {
			isa = PBXGroup;
			children = (
				378F7DC123898E1D00D37ACC /* PersonViewModel.swift */,
				3781C2F02389EEFD004FC855 /* PersonDetailViewModel.swift */,
			);
			path = ViewModels;
			sourceTree = "<group>";
		};
		37273B9F2386111200006D6A /* Models */ = {
			isa = PBXGroup;
			children = (
				37273BB423862D3600006D6A /* Person.swift */,
				37273BB623862D9600006D6A /* Gender.swift */,
				37273BB823862EE900006D6A /* StarWarsApiResponse.swift */,
			);
			path = Models;
			sourceTree = "<group>";
		};
		37273BA02386111D00006D6A /* Resources */ = {
			isa = PBXGroup;
			children = (
			);
			path = Resources;
			sourceTree = "<group>";
		};
		37273BA12386113300006D6A /* Helpers */ = {
			isa = PBXGroup;
			children = (
				3781C2E82389BA1E004FC855 /* AlertDisplayer.swift */,
			);
			path = Helpers;
			sourceTree = "<group>";
		};
		3781C2E323899B45004FC855 /* ViewControllers */ = {
			isa = PBXGroup;
			children = (
				3781C2E423899B71004FC855 /* MainViewController.swift */,
				3781C2F22389FDC7004FC855 /* PersonDetailTableViewController.swift */,
			);
			path = ViewControllers;
			sourceTree = "<group>";
		};
/* End PBXGroup section */

/* Begin PBXNativeTarget section */
		37273B7223860BDF00006D6A /* StarWarsCharacters */ = {
			isa = PBXNativeTarget;
			buildConfigurationList = 37273B9223860BE100006D6A /* Build configuration list for PBXNativeTarget "StarWarsCharacters" */;
			buildPhases = (
				37273B6F23860BDF00006D6A /* Sources */,
				37273B7023860BDF00006D6A /* Frameworks */,
				37273B7123860BDF00006D6A /* Resources */,
			);
			buildRules = (
			);
			dependencies = (
			);
			name = StarWarsCharacters;
			productName = StarWarsCharacters;
			productReference = 37273B7323860BDF00006D6A /* StarWarsCharacters.app */;
			productType = "com.apple.product-type.application";
		};
		37273B8823860BE100006D6A /* StarWarsCharactersTests */ = {
			isa = PBXNativeTarget;
			buildConfigurationList = 37273B9523860BE100006D6A /* Build configuration list for PBXNativeTarget "StarWarsCharactersTests" */;
			buildPhases = (
				37273B8523860BE100006D6A /* Sources */,
				37273B8623860BE100006D6A /* Frameworks */,
				37273B8723860BE100006D6A /* Resources */,
			);
			buildRules = (
			);
			dependencies = (
				37273B8B23860BE100006D6A /* PBXTargetDependency */,
			);
			name = StarWarsCharactersTests;
			productName = StarWarsCharactersTests;
			productReference = 37273B8923860BE100006D6A /* StarWarsCharactersTests.xctest */;
			productType = "com.apple.product-type.bundle.unit-test";
		};
/* End PBXNativeTarget section */

/* Begin PBXProject section */
		37273B6B23860BDF00006D6A /* Project object */ = {
			isa = PBXProject;
			attributes = {
				LastSwiftUpdateCheck = 1120;
				LastUpgradeCheck = 1120;
				ORGANIZATIONNAME = "Samir Anghan";
				TargetAttributes = {
					37273B7223860BDF00006D6A = {
						CreatedOnToolsVersion = 11.2.1;
					};
					37273B8823860BE100006D6A = {
						CreatedOnToolsVersion = 11.2.1;
						TestTargetID = 37273B7223860BDF00006D6A;
					};
				};
			};
			buildConfigurationList = 37273B6E23860BDF00006D6A /* Build configuration list for PBXProject "StarWarsCharacters" */;
			compatibilityVersion = "Xcode 9.3";
			developmentRegion = en;
			hasScannedForEncodings = 0;
			knownRegions = (
				en,
				Base,
			);
			mainGroup = 37273B6A23860BDF00006D6A;
			productRefGroup = 37273B7423860BDF00006D6A /* Products */;
			projectDirPath = "";
			projectRoot = "";
			targets = (
				37273B7223860BDF00006D6A /* StarWarsCharacters */,
				37273B8823860BE100006D6A /* StarWarsCharactersTests */,
			);
		};
/* End PBXProject section */

/* Begin PBXResourcesBuildPhase section */
		37273B7123860BDF00006D6A /* Resources */ = {
			isa = PBXResourcesBuildPhase;
			buildActionMask = 2147483647;
			files = (
				37273B8323860BE100006D6A /* LaunchScreen.storyboard in Resources */,
				37273B8023860BE100006D6A /* Assets.xcassets in Resources */,
				37273B7E23860BDF00006D6A /* Main.storyboard in Resources */,
			);
			runOnlyForDeploymentPostprocessing = 0;
		};
		37273B8723860BE100006D6A /* Resources */ = {
			isa = PBXResourcesBuildPhase;
			buildActionMask = 2147483647;
			files = (
			);
			runOnlyForDeploymentPostprocessing = 0;
		};
/* End PBXResourcesBuildPhase section */

/* Begin PBXSourcesBuildPhase section */
		37273B6F23860BDF00006D6A /* Sources */ = {
			isa = PBXSourcesBuildPhase;
			buildActionMask = 2147483647;
			files = (
				3781C2EF2389EEC9004FC855 /* PeopleTableViewCell.swift in Sources */,
				3781C2F12389EEFD004FC855 /* PersonDetailViewModel.swift in Sources */,
				37273BB12386179C00006D6A /* Router.swift in Sources */,
				37273BAB2386163C00006D6A /* URLParameterEncoder.swift in Sources */,
				37273BA9238614B800006D6A /* ParameterEncoding.swift in Sources */,
				378F7DC223898E1D00D37ACC /* PersonViewModel.swift in Sources */,
				37273BA72386134400006D6A /* HTTPTask.swift in Sources */,
				37273BBD23863A1B00006D6A /* NetworkManager.swift in Sources */,
				3781C2E92389BA1E004FC855 /* AlertDisplayer.swift in Sources */,
				37273BA32386129500006D6A /* EndPointType.swift in Sources */,
				37273BB723862D9600006D6A /* Gender.swift in Sources */,
				37273BAD238616CE00006D6A /* JSONParameterEncoder.swift in Sources */,
				3781C2F32389FDC7004FC855 /* PersonDetailTableViewController.swift in Sources */,
				37273BB923862EE900006D6A /* StarWarsApiResponse.swift in Sources */,
				37273B7723860BDF00006D6A /* AppDelegate.swift in Sources */,
				37273BAF2386172600006D6A /* NetworkRouter.swift in Sources */,
				37273BB32386281600006D6A /* StarWarsAPI.swift in Sources */,
				37273BB523862D3600006D6A /* Person.swift in Sources */,
				3781C2E523899B71004FC855 /* MainViewController.swift in Sources */,
				37273BA52386130400006D6A /* HTTPMethod.swift in Sources */,
				37273B7923860BDF00006D6A /* SceneDelegate.swift in Sources */,
			);
			runOnlyForDeploymentPostprocessing = 0;
		};
		37273B8523860BE100006D6A /* Sources */ = {
			isa = PBXSourcesBuildPhase;
			buildActionMask = 2147483647;
			files = (
				37273B8E23860BE100006D6A /* StarWarsCharactersTests.swift in Sources */,
			);
			runOnlyForDeploymentPostprocessing = 0;
		};
/* End PBXSourcesBuildPhase section */

/* Begin PBXTargetDependency section */
		37273B8B23860BE100006D6A /* PBXTargetDependency */ = {
			isa = PBXTargetDependency;
			target = 37273B7223860BDF00006D6A /* StarWarsCharacters */;
			targetProxy = 37273B8A23860BE100006D6A /* PBXContainerItemProxy */;
		};
/* End PBXTargetDependency section */

/* Begin PBXVariantGroup section */
		37273B7C23860BDF00006D6A /* Main.storyboard */ = {
			isa = PBXVariantGroup;
			children = (
				37273B7D23860BDF00006D6A /* Base */,
			);
			name = Main.storyboard;
			sourceTree = "<group>";
		};
		37273B8123860BE100006D6A /* LaunchScreen.storyboard */ = {
			isa = PBXVariantGroup;
			children = (
				37273B8223860BE100006D6A /* Base */,
			);
			name = LaunchScreen.storyboard;
			sourceTree = "<group>";
		};
/* End PBXVariantGroup section */

/* Begin XCBuildConfiguration section */
		37273B9023860BE100006D6A /* Debug */ = {
			isa = XCBuildConfiguration;
			buildSettings = {
				ALWAYS_SEARCH_USER_PATHS = NO;
				CLANG_ANALYZER_NONNULL = YES;
				CLANG_ANALYZER_NUMBER_OBJECT_CONVERSION = YES_AGGRESSIVE;
				CLANG_CXX_LANGUAGE_STANDARD = "gnu++14";
				CLANG_CXX_LIBRARY = "libc++";
				CLANG_ENABLE_MODULES = YES;
				CLANG_ENABLE_OBJC_ARC = YES;
				CLANG_ENABLE_OBJC_WEAK = YES;
				CLANG_WARN_BLOCK_CAPTURE_AUTORELEASING = YES;
				CLANG_WARN_BOOL_CONVERSION = YES;
				CLANG_WARN_COMMA = YES;
				CLANG_WARN_CONSTANT_CONVERSION = YES;
				CLANG_WARN_DEPRECATED_OBJC_IMPLEMENTATIONS = YES;
				CLANG_WARN_DIRECT_OBJC_ISA_USAGE = YES_ERROR;
				CLANG_WARN_DOCUMENTATION_COMMENTS = YES;
				CLANG_WARN_EMPTY_BODY = YES;
				CLANG_WARN_ENUM_CONVERSION = YES;
				CLANG_WARN_INFINITE_RECURSION = YES;
				CLANG_WARN_INT_CONVERSION = YES;
				CLANG_WARN_NON_LITERAL_NULL_CONVERSION = YES;
				CLANG_WARN_OBJC_IMPLICIT_RETAIN_SELF = YES;
				CLANG_WARN_OBJC_LITERAL_CONVERSION = YES;
				CLANG_WARN_OBJC_ROOT_CLASS = YES_ERROR;
				CLANG_WARN_RANGE_LOOP_ANALYSIS = YES;
				CLANG_WARN_STRICT_PROTOTYPES = YES;
				CLANG_WARN_SUSPICIOUS_MOVE = YES;
				CLANG_WARN_UNGUARDED_AVAILABILITY = YES_AGGRESSIVE;
				CLANG_WARN_UNREACHABLE_CODE = YES;
				CLANG_WARN__DUPLICATE_METHOD_MATCH = YES;
				COPY_PHASE_STRIP = NO;
				DEBUG_INFORMATION_FORMAT = dwarf;
				ENABLE_STRICT_OBJC_MSGSEND = YES;
				ENABLE_TESTABILITY = YES;
				GCC_C_LANGUAGE_STANDARD = gnu11;
				GCC_DYNAMIC_NO_PIC = NO;
				GCC_NO_COMMON_BLOCKS = YES;
				GCC_OPTIMIZATION_LEVEL = 0;
				GCC_PREPROCESSOR_DEFINITIONS = (
					"DEBUG=1",
					"$(inherited)",
				);
				GCC_WARN_64_TO_32_BIT_CONVERSION = YES;
				GCC_WARN_ABOUT_RETURN_TYPE = YES_ERROR;
				GCC_WARN_UNDECLARED_SELECTOR = YES;
				GCC_WARN_UNINITIALIZED_AUTOS = YES_AGGRESSIVE;
				GCC_WARN_UNUSED_FUNCTION = YES;
				GCC_WARN_UNUSED_VARIABLE = YES;
				IPHONEOS_DEPLOYMENT_TARGET = 13.0;
				MTL_ENABLE_DEBUG_INFO = INCLUDE_SOURCE;
				MTL_FAST_MATH = YES;
				ONLY_ACTIVE_ARCH = YES;
				SDKROOT = iphoneos;
				SWIFT_ACTIVE_COMPILATION_CONDITIONS = DEBUG;
				SWIFT_OPTIMIZATION_LEVEL = "-Onone";
			};
			name = Debug;
		};
		37273B9123860BE100006D6A /* Release */ = {
			isa = XCBuildConfiguration;
			buildSettings = {
				ALWAYS_SEARCH_USER_PATHS = NO;
				CLANG_ANALYZER_NONNULL = YES;
				CLANG_ANALYZER_NUMBER_OBJECT_CONVERSION = YES_AGGRESSIVE;
				CLANG_CXX_LANGUAGE_STANDARD = "gnu++14";
				CLANG_CXX_LIBRARY = "libc++";
				CLANG_ENABLE_MODULES = YES;
				CLANG_ENABLE_OBJC_ARC = YES;
				CLANG_ENABLE_OBJC_WEAK = YES;
				CLANG_WARN_BLOCK_CAPTURE_AUTORELEASING = YES;
				CLANG_WARN_BOOL_CONVERSION = YES;
				CLANG_WARN_COMMA = YES;
				CLANG_WARN_CONSTANT_CONVERSION = YES;
				CLANG_WARN_DEPRECATED_OBJC_IMPLEMENTATIONS = YES;
				CLANG_WARN_DIRECT_OBJC_ISA_USAGE = YES_ERROR;
				CLANG_WARN_DOCUMENTATION_COMMENTS = YES;
				CLANG_WARN_EMPTY_BODY = YES;
				CLANG_WARN_ENUM_CONVERSION = YES;
				CLANG_WARN_INFINITE_RECURSION = YES;
				CLANG_WARN_INT_CONVERSION = YES;
				CLANG_WARN_NON_LITERAL_NULL_CONVERSION = YES;
				CLANG_WARN_OBJC_IMPLICIT_RETAIN_SELF = YES;
				CLANG_WARN_OBJC_LITERAL_CONVERSION = YES;
				CLANG_WARN_OBJC_ROOT_CLASS = YES_ERROR;
				CLANG_WARN_RANGE_LOOP_ANALYSIS = YES;
				CLANG_WARN_STRICT_PROTOTYPES = YES;
				CLANG_WARN_SUSPICIOUS_MOVE = YES;
				CLANG_WARN_UNGUARDED_AVAILABILITY = YES_AGGRESSIVE;
				CLANG_WARN_UNREACHABLE_CODE = YES;
				CLANG_WARN__DUPLICATE_METHOD_MATCH = YES;
				COPY_PHASE_STRIP = NO;
				DEBUG_INFORMATION_FORMAT = "dwarf-with-dsym";
				ENABLE_NS_ASSERTIONS = NO;
				ENABLE_STRICT_OBJC_MSGSEND = YES;
				GCC_C_LANGUAGE_STANDARD = gnu11;
				GCC_NO_COMMON_BLOCKS = YES;
				GCC_WARN_64_TO_32_BIT_CONVERSION = YES;
				GCC_WARN_ABOUT_RETURN_TYPE = YES_ERROR;
				GCC_WARN_UNDECLARED_SELECTOR = YES;
				GCC_WARN_UNINITIALIZED_AUTOS = YES_AGGRESSIVE;
				GCC_WARN_UNUSED_FUNCTION = YES;
				GCC_WARN_UNUSED_VARIABLE = YES;
				IPHONEOS_DEPLOYMENT_TARGET = 13.0;
				MTL_ENABLE_DEBUG_INFO = NO;
				MTL_FAST_MATH = YES;
				SDKROOT = iphoneos;
				SWIFT_COMPILATION_MODE = wholemodule;
				SWIFT_OPTIMIZATION_LEVEL = "-O";
				VALIDATE_PRODUCT = YES;
			};
			name = Release;
		};
		37273B9323860BE100006D6A /* Debug */ = {
			isa = XCBuildConfiguration;
			buildSettings = {
				ASSETCATALOG_COMPILER_APPICON_NAME = AppIcon;
				CODE_SIGN_STYLE = Automatic;
				DEVELOPMENT_TEAM = HEKD4ZFX7R;
				INFOPLIST_FILE = StarWarsCharacters/Info.plist;
				IPHONEOS_DEPLOYMENT_TARGET = 13.0;
				LD_RUNPATH_SEARCH_PATHS = (
					"$(inherited)",
					"@executable_path/Frameworks",
				);
				PRODUCT_BUNDLE_IDENTIFIER = com.samir.productpage.StarWarsCharacters;
				PRODUCT_NAME = "$(TARGET_NAME)";
				SWIFT_VERSION = 5.0;
				TARGETED_DEVICE_FAMILY = "1,2";
			};
			name = Debug;
		};
		37273B9423860BE100006D6A /* Release */ = {
			isa = XCBuildConfiguration;
			buildSettings = {
				ASSETCATALOG_COMPILER_APPICON_NAME = AppIcon;
				CODE_SIGN_STYLE = Automatic;
				DEVELOPMENT_TEAM = HEKD4ZFX7R;
				INFOPLIST_FILE = StarWarsCharacters/Info.plist;
				IPHONEOS_DEPLOYMENT_TARGET = 13.0;
				LD_RUNPATH_SEARCH_PATHS = (
					"$(inherited)",
					"@executable_path/Frameworks",
				);
				PRODUCT_BUNDLE_IDENTIFIER = com.samir.productpage.StarWarsCharacters;
				PRODUCT_NAME = "$(TARGET_NAME)";
				SWIFT_VERSION = 5.0;
				TARGETED_DEVICE_FAMILY = "1,2";
			};
			name = Release;
		};
		37273B9623860BE100006D6A /* Debug */ = {
			isa = XCBuildConfiguration;
			buildSettings = {
				ALWAYS_EMBED_SWIFT_STANDARD_LIBRARIES = YES;
				BUNDLE_LOADER = "$(TEST_HOST)";
				CODE_SIGN_STYLE = Automatic;
				DEVELOPMENT_TEAM = HEKD4ZFX7R;
				INFOPLIST_FILE = StarWarsCharactersTests/Info.plist;
				IPHONEOS_DEPLOYMENT_TARGET = 13.0;
				LD_RUNPATH_SEARCH_PATHS = (
					"$(inherited)",
					"@executable_path/Frameworks",
					"@loader_path/Frameworks",
				);
				PRODUCT_BUNDLE_IDENTIFIER = com.samir.productpage.StarWarsCharactersTests;
				PRODUCT_NAME = "$(TARGET_NAME)";
				SWIFT_VERSION = 5.0;
				TARGETED_DEVICE_FAMILY = "1,2";
				TEST_HOST = "$(BUILT_PRODUCTS_DIR)/StarWarsCharacters.app/StarWarsCharacters";
			};
			name = Debug;
		};
		37273B9723860BE100006D6A /* Release */ = {
			isa = XCBuildConfiguration;
			buildSettings = {
				ALWAYS_EMBED_SWIFT_STANDARD_LIBRARIES = YES;
				BUNDLE_LOADER = "$(TEST_HOST)";
				CODE_SIGN_STYLE = Automatic;
				DEVELOPMENT_TEAM = HEKD4ZFX7R;
				INFOPLIST_FILE = StarWarsCharactersTests/Info.plist;
				IPHONEOS_DEPLOYMENT_TARGET = 13.0;
				LD_RUNPATH_SEARCH_PATHS = (
					"$(inherited)",
					"@executable_path/Frameworks",
					"@loader_path/Frameworks",
				);
				PRODUCT_BUNDLE_IDENTIFIER = com.samir.productpage.StarWarsCharactersTests;
				PRODUCT_NAME = "$(TARGET_NAME)";
				SWIFT_VERSION = 5.0;
				TARGETED_DEVICE_FAMILY = "1,2";
				TEST_HOST = "$(BUILT_PRODUCTS_DIR)/StarWarsCharacters.app/StarWarsCharacters";
			};
			name = Release;
		};
/* End XCBuildConfiguration section */

/* Begin XCConfigurationList section */
		37273B6E23860BDF00006D6A /* Build configuration list for PBXProject "StarWarsCharacters" */ = {
			isa = XCConfigurationList;
			buildConfigurations = (
				37273B9023860BE100006D6A /* Debug */,
				37273B9123860BE100006D6A /* Release */,
			);
			defaultConfigurationIsVisible = 0;
			defaultConfigurationName = Release;
		};
		37273B9223860BE100006D6A /* Build configuration list for PBXNativeTarget "StarWarsCharacters" */ = {
			isa = XCConfigurationList;
			buildConfigurations = (
				37273B9323860BE100006D6A /* Debug */,
				37273B9423860BE100006D6A /* Release */,
			);
			defaultConfigurationIsVisible = 0;
			defaultConfigurationName = Release;
		};
		37273B9523860BE100006D6A /* Build configuration list for PBXNativeTarget "StarWarsCharactersTests" */ = {
			isa = XCConfigurationList;
			buildConfigurations = (
				37273B9623860BE100006D6A /* Debug */,
				37273B9723860BE100006D6A /* Release */,
			);
			defaultConfigurationIsVisible = 0;
			defaultConfigurationName = Release;
		};
/* End XCConfigurationList section */
	};
	rootObject = 37273B6B23860BDF00006D6A /* Project object */;
}
